
Microsoft Visual Studio Solution File, Format Version 11.00
# Visual Studio 2010
Project("{FAE04EC0-301F-11D3-BF4B-00C04F79EFBC}") = "Game2DFramework", "Game2DFramework\Game2DFramework.csproj", "{3943E03F-8B56-41EB-87D0-F6C962C7D952}"
EndProject
Project("{FAE04EC0-301F-11D3-BF4B-00C04F79EFBC}") = "Game2DFramework.MonoGame", "Game2dFramework.MonoGame\Game2DFramework.MonoGame.csproj", "{59C98301-4CEC-44B1-9F67-2AE32E4D54FB}"
EndProject
Global
	GlobalSection(SolutionConfigurationPlatforms) = preSolution
		Debug|x86 = Debug|x86
		Release|x86 = Release|x86
	EndGlobalSection
	GlobalSection(ProjectConfigurationPlatforms) = postSolution
		{3943E03F-8B56-41EB-87D0-F6C962C7D952}.Debug|x86.ActiveCfg = Debug|x86
		{3943E03F-8B56-41EB-87D0-F6C962C7D952}.Debug|x86.Build.0 = Debug|x86
		{3943E03F-8B56-41EB-87D0-F6C962C7D952}.Release|x86.ActiveCfg = Release|x86
		{3943E03F-8B56-41EB-87D0-F6C962C7D952}.Release|x86.Build.0 = Release|x86
		{59C98301-4CEC-44B1-9F67-2AE32E4D54FB}.Debug|x86.ActiveCfg = Debug|x86
		{59C98301-4CEC-44B1-9F67-2AE32E4D54FB}.Debug|x86.Build.0 = Debug|x86
		{59C98301-4CEC-44B1-9F67-2AE32E4D54FB}.Release|x86.ActiveCfg = Release|x86
		{59C98301-4CEC-44B1-9F67-2AE32E4D54FB}.Release|x86.Build.0 = Release|x86
	EndGlobalSection
	GlobalSection(SolutionProperties) = preSolution
		HideSolutionNode = FALSE
	EndGlobalSection
EndGlobal
